<Solution>
  <Folder Name="/src/">
    <Project Path="src/GameEvent.Architecture.Tests/GameEvent.Architecture.Tests.csproj" />
    <Project Path="src/GameEvent.Engine.Tests/GameEvent.Engine.Tests.csproj" />
    <Project Path="src/GameEvent.Engine/GameEvent.Engine.csproj" />
    <Project Path="src/GameEvent.Infrastructure/GameEvent.Infrastructure.csproj" />
    <Project Path="src/GameEvent.Simulator/GameEvent.Simulator.csproj" />
    <Project Path="src/GameEvent.Tools.Import/GameEvent.Tools.Import.csproj" />
    <Project Path="src/GameEvent.Web.Tests/GameEvent.Web.Tests.csproj" />
    <Project Path="src/GameEvent.Web/GameEvent.Web.csproj" />
  </Folder>
</Solution>
